
Microsoft Visual Studio Solution File, Format Version 12.00
# Visual Studio 15
VisualStudioVersion = 15.0.28307.271
MinimumVisualStudioVersion = 10.0.40219.1
Project("{9A19103F-16F7-4668-BE54-9A1E7A4F7556}") = "PayrollForecast.Api", "PayrollForecast.Api\PayrollForecast.Api.csproj", "{B1966CE1-CB80-4BE7-9EC3-E2CEBAA998AD}"
EndProject
Project("{9A19103F-16F7-4668-BE54-9A1E7A4F7556}") = "PayrollForecast.Test", "PayrollForecast.Test\PayrollForecast.Test.csproj", "{730A8ECF-3298-4981-8AB6-A30D48124159}"
EndProject
Global
	GlobalSection(SolutionConfigurationPlatforms) = preSolution
		Debug|Any CPU = Debug|Any CPU
		Release|Any CPU = Release|Any CPU
	EndGlobalSection
	GlobalSection(ProjectConfigurationPlatforms) = postSolution
		{B1966CE1-CB80-4BE7-9EC3-E2CEBAA998AD}.Debug|Any CPU.ActiveCfg = Debug|Any CPU
		{B1966CE1-CB80-4BE7-9EC3-E2CEBAA998AD}.Debug|Any CPU.Build.0 = Debug|Any CPU
		{B1966CE1-CB80-4BE7-9EC3-E2CEBAA998AD}.Release|Any CPU.ActiveCfg = Release|Any CPU
		{B1966CE1-CB80-4BE7-9EC3-E2CEBAA998AD}.Release|Any CPU.Build.0 = Release|Any CPU
		{730A8ECF-3298-4981-8AB6-A30D48124159}.Debug|Any CPU.ActiveCfg = Debug|Any CPU
		{730A8ECF-3298-4981-8AB6-A30D48124159}.Debug|Any CPU.Build.0 = Debug|Any CPU
		{730A8ECF-3298-4981-8AB6-A30D48124159}.Release|Any CPU.ActiveCfg = Release|Any CPU
		{730A8ECF-3298-4981-8AB6-A30D48124159}.Release|Any CPU.Build.0 = Release|Any CPU
	EndGlobalSection
	GlobalSection(SolutionProperties) = preSolution
		HideSolutionNode = FALSE
	EndGlobalSection
	GlobalSection(ExtensibilityGlobals) = postSolution
		SolutionGuid = {767DE182-1826-4495-8F8B-13B83A49EB8C}
	EndGlobalSection
EndGlobal
